
Microsoft Visual Studio Solution File, Format Version 12.00
# Visual Studio Version 17
VisualStudioVersion = 17.11.35312.102
MinimumVisualStudioVersion = 10.0.40219.1
Project("{2150E333-8FDC-42A3-9474-1A3956D46DE8}") = "Task0", "Task0", "{C1A77B01-28AE-4715-81BB-4CD4B3ABFFDC}"
EndProject
Project("{9A19103F-16F7-4668-BE54-9A1E7A4F7556}") = "Tyuiu.KolesnikovMN.Sprint4.Task0.V28", "Tyuiu.KolesnikovMN.Sprint4.Task0.V28\Tyuiu.KolesnikovMN.Sprint4.Task0.V28.csproj", "{9CD4D9E2-7FB0-4827-9C3C-F32B2E965B47}"
EndProject
Project("{9A19103F-16F7-4668-BE54-9A1E7A4F7556}") = "Tyuiu.KolesnikovMN.Sprint4.Task0.V28.Lib", "Tyuiu.KolesnikovMN.Sprint4.Task0.V28.Lib\Tyuiu.KolesnikovMN.Sprint4.Task0.V28.Lib.csproj", "{2BC5D38C-52F6-4A2D-983E-0145769EF1F3}"
EndProject
Project("{9A19103F-16F7-4668-BE54-9A1E7A4F7556}") = "Tyuiu.KolesnikovMN.Sprint4.Task0.V28.Test", "Tyuiu.KolesnikovMN.Sprint4.Task0.V28.Test\Tyuiu.KolesnikovMN.Sprint4.Task0.V28.Test.csproj", "{61E287B5-B76E-45DC-93FF-F94E4450BFBE}"
EndProject
Project("{2150E333-8FDC-42A3-9474-1A3956D46DE8}") = "Task1", "Task1", "{1AF17B1D-D7A4-4530-84C9-F6150D07AA7A}"
EndProject
Project("{9A19103F-16F7-4668-BE54-9A1E7A4F7556}") = "Tyuiu.KolesnikovMN.Sprint4.Task1.V16", "Tyuiu.KolesnikovMN.Sprint4.Task1.V16\Tyuiu.KolesnikovMN.Sprint4.Task1.V16.csproj", "{85E3E48C-081D-4320-BAE1-FF935599A7CA}"
EndProject
Project("{9A19103F-16F7-4668-BE54-9A1E7A4F7556}") = "Tyuiu.KolesnikovMN.Sprint4.Task1.V16.Lib", "Tyuiu.KolesnikovMN.Sprint4.Task1.V16.Lib\Tyuiu.KolesnikovMN.Sprint4.Task1.V16.Lib.csproj", "{078B8EEC-880C-4E23-AA84-97EF60AC1260}"
EndProject
Project("{9A19103F-16F7-4668-BE54-9A1E7A4F7556}") = "Tyuiu.KolesnikovMN.Sprint4.Task1.V16.Test", "Tyuiu.KolesnikovMN.Sprint4.Task1.V16.Test\Tyuiu.KolesnikovMN.Sprint4.Task1.V16.Test.csproj", "{58656071-BE92-49A3-ACD3-0163283AF4C8}"
EndProject
Project("{2150E333-8FDC-42A3-9474-1A3956D46DE8}") = "Task2", "Task2", "{4BD49316-2D6C-42DD-B6F7-657E0893B32D}"
EndProject
Project("{9A19103F-16F7-4668-BE54-9A1E7A4F7556}") = "Tyuiu.KolesnikovMN.Sprint4.Task2.V18", "Tyuiu.KolesnikovMN.Sprint4.Task2.V18\Tyuiu.KolesnikovMN.Sprint4.Task2.V18.csproj", "{1C3A9521-B9A8-405B-96E6-547E19AAB32B}"
EndProject
Project("{9A19103F-16F7-4668-BE54-9A1E7A4F7556}") = "Tyuiu.KolesnikovMN.Sprint4.Task2.V18.Lib", "Tyuiu.KolesnikovMN.Sprint4.Task2.V18.Lib\Tyuiu.KolesnikovMN.Sprint4.Task2.V18.Lib.csproj", "{F40D514C-90B0-440D-A439-B8B2AB924556}"
EndProject
Project("{9A19103F-16F7-4668-BE54-9A1E7A4F7556}") = "Tyuiu.KolesnikovMN.Sprint4.Task2.V18.Test", "Tyuiu.KolesnikovMN.Sprint4.Task2.V18.Test\Tyuiu.KolesnikovMN.Sprint4.Task2.V18.Test.csproj", "{1DB89864-D94F-42E1-B854-C630E2FCA61D}"
EndProject
Project("{2150E333-8FDC-42A3-9474-1A3956D46DE8}") = "Task3", "Task3", "{37C00698-6C56-4449-AF6B-30863CC854EA}"
EndProject
Project("{9A19103F-16F7-4668-BE54-9A1E7A4F7556}") = "Tyuiu.KolesnikovMN.Sprint4.Task3.V24", "Tyuiu.KolesnikovMN.Sprint4.Task3.V24\Tyuiu.KolesnikovMN.Sprint4.Task3.V24.csproj", "{5F84B4AF-4780-4658-AF91-6EA16081BD36}"
EndProject
Project("{9A19103F-16F7-4668-BE54-9A1E7A4F7556}") = "Tyuiu.KolesnikovMN.Sprint4.Task3.V24.Lib", "Tyuiu.KolesnikovMN.Sprint4.Task3.V24.Lib\Tyuiu.KolesnikovMN.Sprint4.Task3.V24.Lib.csproj", "{C08C3B09-5E86-46E7-8598-BEACF88F5538}"
EndProject
Project("{9A19103F-16F7-4668-BE54-9A1E7A4F7556}") = "Tyuiu.KolesnikovMN.Sprint4.Task3.V24.Test", "Tyuiu.KolesnikovMN.Sprint4.Task3.V24.Test\Tyuiu.KolesnikovMN.Sprint4.Task3.V24.Test.csproj", "{C5DE01D4-0BCE-4BAC-A5D9-731ABE36FFE3}"
EndProject
Project("{2150E333-8FDC-42A3-9474-1A3956D46DE8}") = "Task4", "Task4", "{3043CCF1-2BCF-4221-AD1C-8C7358ADD619}"
EndProject
Project("{9A19103F-16F7-4668-BE54-9A1E7A4F7556}") = "Tyuiu.KolesnikovMN.Sprint4.Task4.V20", "Tyuiu.KolesnikovMN.Sprint4.Task4.V20\Tyuiu.KolesnikovMN.Sprint4.Task4.V20.csproj", "{2F164E36-6B76-4733-A53C-2D2F44716862}"
EndProject
Project("{9A19103F-16F7-4668-BE54-9A1E7A4F7556}") = "Tyuiu.KolesnikovMN.Sprint4.Task4.V20.Lib", "Tyuiu.KolesnikovMN.Sprint4.Task4.V20.Lib\Tyuiu.KolesnikovMN.Sprint4.Task4.V20.Lib.csproj", "{A2A88D2F-9EFA-48D1-A5BA-8D02DDAAAC4D}"
EndProject
Project("{9A19103F-16F7-4668-BE54-9A1E7A4F7556}") = "Tyuiu.KolesnikovMN.Sprint4.Task4.V20.Test", "Tyuiu.KolesnikovMN.Sprint4.Task4.V20.Test\Tyuiu.KolesnikovMN.Sprint4.Task4.V20.Test.csproj", "{7D4152B2-A193-44C6-9F50-617A41811A8A}"
EndProject
Project("{2150E333-8FDC-42A3-9474-1A3956D46DE8}") = "Task5", "Task5", "{87AA967B-F978-4816-81A5-2256D86C758B}"
EndProject
Project("{9A19103F-16F7-4668-BE54-9A1E7A4F7556}") = "Tyuiu.KolesnikovMN.Sprint4.Task5.V27", "Tyuiu.KolesnikovMN.Sprint4.Task5.V27\Tyuiu.KolesnikovMN.Sprint4.Task5.V27.csproj", "{86989BB8-988C-4C94-86FB-161A5F7643DC}"
EndProject
Project("{9A19103F-16F7-4668-BE54-9A1E7A4F7556}") = "Tyuiu.KolesnikovMN.Sprint4.Task5.V27.Lib", "Tyuiu.KolesnikovMN.Sprint4.Task5.V27.Lib\Tyuiu.KolesnikovMN.Sprint4.Task5.V27.Lib.csproj", "{A6D6DA93-559C-41FD-B7E7-F26532EFCA8A}"
EndProject
Project("{9A19103F-16F7-4668-BE54-9A1E7A4F7556}") = "Tyuiu.KolesnikovMN.Sprint4.Task5.V27.Test", "Tyuiu.KolesnikovMN.Sprint4.Task5.V27.Test\Tyuiu.KolesnikovMN.Sprint4.Task5.V27.Test.csproj", "{E0DFF122-D5D3-4207-BC14-084143C2303C}"
EndProject
Project("{2150E333-8FDC-42A3-9474-1A3956D46DE8}") = "Task6", "Task6", "{21F7CFD2-EE4B-43CD-AFD4-B894DCDA961F}"
EndProject
Project("{9A19103F-16F7-4668-BE54-9A1E7A4F7556}") = "Tyuiu.KolesnikovMN.Sprint4.Task6.V15", "Tyuiu.KolesnikovMN.Sprint4.Task6.V15\Tyuiu.KolesnikovMN.Sprint4.Task6.V15.csproj", "{87B84B88-173A-40E1-BF32-C476464CEEB7}"
EndProject
Project("{9A19103F-16F7-4668-BE54-9A1E7A4F7556}") = "Tyuiu.KolesnikovMN.Sprint4.Task6.V15.Lib", "Tyuiu.KolesnikovMN.Sprint4.Task6.V15.Lib\Tyuiu.KolesnikovMN.Sprint4.Task6.V15.Lib.csproj", "{D1B66B50-803B-435D-98C3-03F91AC65F43}"
EndProject
Project("{9A19103F-16F7-4668-BE54-9A1E7A4F7556}") = "Tyuiu.KolesnikovMN.Sprint4.Task6.V15.Test", "Tyuiu.KolesnikovMN.Sprint4.Task6.V15.Test\Tyuiu.KolesnikovMN.Sprint4.Task6.V15.Test.csproj", "{E91CB903-0FBF-4E0C-87C7-8A0C0B71F073}"
EndProject
Project("{2150E333-8FDC-42A3-9474-1A3956D46DE8}") = "Task7", "Task7", "{A6DECC19-A30D-40E5-9408-57236568D0F6}"
EndProject
Project("{FAE04EC0-301F-11D3-BF4B-00C04F79EFBC}") = "Tyuiu.KolesnikovMN.Sprint4.Task7.V1", "Tyuiu.KolesnikovMN.Sprint4.Task7.V1\Tyuiu.KolesnikovMN.Sprint4.Task7.V1.csproj", "{D209C6DB-9629-477C-84E7-45A3E564CD7D}"
EndProject
Project("{FAE04EC0-301F-11D3-BF4B-00C04F79EFBC}") = "Tyuiu.KolesnikovMN.Sprint4.Task7.V1.Lib", "Tyuiu.KolesnikovMN.Sprint4.Task7.V1.Lib\Tyuiu.KolesnikovMN.Sprint4.Task7.V1.Lib.csproj", "{3360A159-E8CB-468F-9241-95C3D421D89B}"
EndProject
Project("{FAE04EC0-301F-11D3-BF4B-00C04F79EFBC}") = "Tyuiu.KolesnikovMN.Sprint4.Task7.V1.Test", "Tyuiu.KolesnikovMN.Sprint4.Task7.V1.Test\Tyuiu.KolesnikovMN.Sprint4.Task7.V1.Test.csproj", "{76170B75-E880-461C-B825-5BA3942B9821}"
EndProject
Global
	GlobalSection(SolutionConfigurationPlatforms) = preSolution
		Debug|Any CPU = Debug|Any CPU
		Release|Any CPU = Release|Any CPU
	EndGlobalSection
	GlobalSection(ProjectConfigurationPlatforms) = postSolution
		{9CD4D9E2-7FB0-4827-9C3C-F32B2E965B47}.Debug|Any CPU.ActiveCfg = Debug|Any CPU
		{9CD4D9E2-7FB0-4827-9C3C-F32B2E965B47}.Debug|Any CPU.Build.0 = Debug|Any CPU
		{9CD4D9E2-7FB0-4827-9C3C-F32B2E965B47}.Release|Any CPU.ActiveCfg = Release|Any CPU
		{9CD4D9E2-7FB0-4827-9C3C-F32B2E965B47}.Release|Any CPU.Build.0 = Release|Any CPU
		{2BC5D38C-52F6-4A2D-983E-0145769EF1F3}.Debug|Any CPU.ActiveCfg = Debug|Any CPU
		{2BC5D38C-52F6-4A2D-983E-0145769EF1F3}.Debug|Any CPU.Build.0 = Debug|Any CPU
		{2BC5D38C-52F6-4A2D-983E-0145769EF1F3}.Release|Any CPU.ActiveCfg = Release|Any CPU
		{2BC5D38C-52F6-4A2D-983E-0145769EF1F3}.Release|Any CPU.Build.0 = Release|Any CPU
		{61E287B5-B76E-45DC-93FF-F94E4450BFBE}.Debug|Any CPU.ActiveCfg = Debug|Any CPU
		{61E287B5-B76E-45DC-93FF-F94E4450BFBE}.Debug|Any CPU.Build.0 = Debug|Any CPU
		{61E287B5-B76E-45DC-93FF-F94E4450BFBE}.Release|Any CPU.ActiveCfg = Release|Any CPU
		{61E287B5-B76E-45DC-93FF-F94E4450BFBE}.Release|Any CPU.Build.0 = Release|Any CPU
		{85E3E48C-081D-4320-BAE1-FF935599A7CA}.Debug|Any CPU.ActiveCfg = Debug|Any CPU
		{85E3E48C-081D-4320-BAE1-FF935599A7CA}.Debug|Any CPU.Build.0 = Debug|Any CPU
		{85E3E48C-081D-4320-BAE1-FF935599A7CA}.Release|Any CPU.ActiveCfg = Release|Any CPU
		{85E3E48C-081D-4320-BAE1-FF935599A7CA}.Release|Any CPU.Build.0 = Release|Any CPU
		{078B8EEC-880C-4E23-AA84-97EF60AC1260}.Debug|Any CPU.ActiveCfg = Debug|Any CPU
		{078B8EEC-880C-4E23-AA84-97EF60AC1260}.Debug|Any CPU.Build.0 = Debug|Any CPU
		{078B8EEC-880C-4E23-AA84-97EF60AC1260}.Release|Any CPU.ActiveCfg = Release|Any CPU
		{078B8EEC-880C-4E23-AA84-97EF60AC1260}.Release|Any CPU.Build.0 = Release|Any CPU
		{58656071-BE92-49A3-ACD3-0163283AF4C8}.Debug|Any CPU.ActiveCfg = Debug|Any CPU
		{58656071-BE92-49A3-ACD3-0163283AF4C8}.Debug|Any CPU.Build.0 = Debug|Any CPU
		{58656071-BE92-49A3-ACD3-0163283AF4C8}.Release|Any CPU.ActiveCfg = Release|Any CPU
		{58656071-BE92-49A3-ACD3-0163283AF4C8}.Release|Any CPU.Build.0 = Release|Any CPU
		{1C3A9521-B9A8-405B-96E6-547E19AAB32B}.Debug|Any CPU.ActiveCfg = Debug|Any CPU
		{1C3A9521-B9A8-405B-96E6-547E19AAB32B}.Debug|Any CPU.Build.0 = Debug|Any CPU
		{1C3A9521-B9A8-405B-96E6-547E19AAB32B}.Release|Any CPU.ActiveCfg = Release|Any CPU
		{1C3A9521-B9A8-405B-96E6-547E19AAB32B}.Release|Any CPU.Build.0 = Release|Any CPU
		{F40D514C-90B0-440D-A439-B8B2AB924556}.Debug|Any CPU.ActiveCfg = Debug|Any CPU
		{F40D514C-90B0-440D-A439-B8B2AB924556}.Debug|Any CPU.Build.0 = Debug|Any CPU
		{F40D514C-90B0-440D-A439-B8B2AB924556}.Release|Any CPU.ActiveCfg = Release|Any CPU
		{F40D514C-90B0-440D-A439-B8B2AB924556}.Release|Any CPU.Build.0 = Release|Any CPU
		{1DB89864-D94F-42E1-B854-C630E2FCA61D}.Debug|Any CPU.ActiveCfg = Debug|Any CPU
		{1DB89864-D94F-42E1-B854-C630E2FCA61D}.Debug|Any CPU.Build.0 = Debug|Any CPU
		{1DB89864-D94F-42E1-B854-C630E2FCA61D}.Release|Any CPU.ActiveCfg = Release|Any CPU
		{1DB89864-D94F-42E1-B854-C630E2FCA61D}.Release|Any CPU.Build.0 = Release|Any CPU
		{5F84B4AF-4780-4658-AF91-6EA16081BD36}.Debug|Any CPU.ActiveCfg = Debug|Any CPU
		{5F84B4AF-4780-4658-AF91-6EA16081BD36}.Debug|Any CPU.Build.0 = Debug|Any CPU
		{5F84B4AF-4780-4658-AF91-6EA16081BD36}.Release|Any CPU.ActiveCfg = Release|Any CPU
		{5F84B4AF-4780-4658-AF91-6EA16081BD36}.Release|Any CPU.Build.0 = Release|Any CPU
		{C08C3B09-5E86-46E7-8598-BEACF88F5538}.Debug|Any CPU.ActiveCfg = Debug|Any CPU
		{C08C3B09-5E86-46E7-8598-BEACF88F5538}.Debug|Any CPU.Build.0 = Debug|Any CPU
		{C08C3B09-5E86-46E7-8598-BEACF88F5538}.Release|Any CPU.ActiveCfg = Release|Any CPU
		{C08C3B09-5E86-46E7-8598-BEACF88F5538}.Release|Any CPU.Build.0 = Release|Any CPU
		{C5DE01D4-0BCE-4BAC-A5D9-731ABE36FFE3}.Debug|Any CPU.ActiveCfg = Debug|Any CPU
		{C5DE01D4-0BCE-4BAC-A5D9-731ABE36FFE3}.Debug|Any CPU.Build.0 = Debug|Any CPU
		{C5DE01D4-0BCE-4BAC-A5D9-731ABE36FFE3}.Release|Any CPU.ActiveCfg = Release|Any CPU
		{C5DE01D4-0BCE-4BAC-A5D9-731ABE36FFE3}.Release|Any CPU.Build.0 = Release|Any CPU
		{2F164E36-6B76-4733-A53C-2D2F44716862}.Debug|Any CPU.ActiveCfg = Debug|Any CPU
		{2F164E36-6B76-4733-A53C-2D2F44716862}.Debug|Any CPU.Build.0 = Debug|Any CPU
		{2F164E36-6B76-4733-A53C-2D2F44716862}.Release|Any CPU.ActiveCfg = Release|Any CPU
		{2F164E36-6B76-4733-A53C-2D2F44716862}.Release|Any CPU.Build.0 = Release|Any CPU
		{A2A88D2F-9EFA-48D1-A5BA-8D02DDAAAC4D}.Debug|Any CPU.ActiveCfg = Debug|Any CPU
		{A2A88D2F-9EFA-48D1-A5BA-8D02DDAAAC4D}.Debug|Any CPU.Build.0 = Debug|Any CPU
		{A2A88D2F-9EFA-48D1-A5BA-8D02DDAAAC4D}.Release|Any CPU.ActiveCfg = Release|Any CPU
		{A2A88D2F-9EFA-48D1-A5BA-8D02DDAAAC4D}.Release|Any CPU.Build.0 = Release|Any CPU
		{7D4152B2-A193-44C6-9F50-617A41811A8A}.Debug|Any CPU.ActiveCfg = Debug|Any CPU
		{7D4152B2-A193-44C6-9F50-617A41811A8A}.Debug|Any CPU.Build.0 = Debug|Any CPU
		{7D4152B2-A193-44C6-9F50-617A41811A8A}.Release|Any CPU.ActiveCfg = Release|Any CPU
		{7D4152B2-A193-44C6-9F50-617A41811A8A}.Release|Any CPU.Build.0 = Release|Any CPU
		{86989BB8-988C-4C94-86FB-161A5F7643DC}.Debug|Any CPU.ActiveCfg = Debug|Any CPU
		{86989BB8-988C-4C94-86FB-161A5F7643DC}.Debug|Any CPU.Build.0 = Debug|Any CPU
		{86989BB8-988C-4C94-86FB-161A5F7643DC}.Release|Any CPU.ActiveCfg = Release|Any CPU
		{86989BB8-988C-4C94-86FB-161A5F7643DC}.Release|Any CPU.Build.0 = Release|Any CPU
		{A6D6DA93-559C-41FD-B7E7-F26532EFCA8A}.Debug|Any CPU.ActiveCfg = Debug|Any CPU
		{A6D6DA93-559C-41FD-B7E7-F26532EFCA8A}.Debug|Any CPU.Build.0 = Debug|Any CPU
		{A6D6DA93-559C-41FD-B7E7-F26532EFCA8A}.Release|Any CPU.ActiveCfg = Release|Any CPU
		{A6D6DA93-559C-41FD-B7E7-F26532EFCA8A}.Release|Any CPU.Build.0 = Release|Any CPU
		{E0DFF122-D5D3-4207-BC14-084143C2303C}.Debug|Any CPU.ActiveCfg = Debug|Any CPU
		{E0DFF122-D5D3-4207-BC14-084143C2303C}.Debug|Any CPU.Build.0 = Debug|Any CPU
		{E0DFF122-D5D3-4207-BC14-084143C2303C}.Release|Any CPU.ActiveCfg = Release|Any CPU
		{E0DFF122-D5D3-4207-BC14-084143C2303C}.Release|Any CPU.Build.0 = Release|Any CPU
		{87B84B88-173A-40E1-BF32-C476464CEEB7}.Debug|Any CPU.ActiveCfg = Debug|Any CPU
		{87B84B88-173A-40E1-BF32-C476464CEEB7}.Debug|Any CPU.Build.0 = Debug|Any CPU
		{87B84B88-173A-40E1-BF32-C476464CEEB7}.Release|Any CPU.ActiveCfg = Release|Any CPU
		{87B84B88-173A-40E1-BF32-C476464CEEB7}.Release|Any CPU.Build.0 = Release|Any CPU
		{D1B66B50-803B-435D-98C3-03F91AC65F43}.Debug|Any CPU.ActiveCfg = Debug|Any CPU
		{D1B66B50-803B-435D-98C3-03F91AC65F43}.Debug|Any CPU.Build.0 = Debug|Any CPU
		{D1B66B50-803B-435D-98C3-03F91AC65F43}.Release|Any CPU.ActiveCfg = Release|Any CPU
		{D1B66B50-803B-435D-98C3-03F91AC65F43}.Release|Any CPU.Build.0 = Release|Any CPU
		{E91CB903-0FBF-4E0C-87C7-8A0C0B71F073}.Debug|Any CPU.ActiveCfg = Debug|Any CPU
		{E91CB903-0FBF-4E0C-87C7-8A0C0B71F073}.Debug|Any CPU.Build.0 = Debug|Any CPU
		{E91CB903-0FBF-4E0C-87C7-8A0C0B71F073}.Release|Any CPU.ActiveCfg = Release|Any CPU
		{E91CB903-0FBF-4E0C-87C7-8A0C0B71F073}.Release|Any CPU.Build.0 = Release|Any CPU
		{D209C6DB-9629-477C-84E7-45A3E564CD7D}.Debug|Any CPU.ActiveCfg = Debug|Any CPU
		{D209C6DB-9629-477C-84E7-45A3E564CD7D}.Debug|Any CPU.Build.0 = Debug|Any CPU
		{D209C6DB-9629-477C-84E7-45A3E564CD7D}.Release|Any CPU.ActiveCfg = Release|Any CPU
		{D209C6DB-9629-477C-84E7-45A3E564CD7D}.Release|Any CPU.Build.0 = Release|Any CPU
		{3360A159-E8CB-468F-9241-95C3D421D89B}.Debug|Any CPU.ActiveCfg = Debug|Any CPU
		{3360A159-E8CB-468F-9241-95C3D421D89B}.Debug|Any CPU.Build.0 = Debug|Any CPU
		{3360A159-E8CB-468F-9241-95C3D421D89B}.Release|Any CPU.ActiveCfg = Release|Any CPU
		{3360A159-E8CB-468F-9241-95C3D421D89B}.Release|Any CPU.Build.0 = Release|Any CPU
		{76170B75-E880-461C-B825-5BA3942B9821}.Debug|Any CPU.ActiveCfg = Debug|Any CPU
		{76170B75-E880-461C-B825-5BA3942B9821}.Debug|Any CPU.Build.0 = Debug|Any CPU
		{76170B75-E880-461C-B825-5BA3942B9821}.Release|Any CPU.ActiveCfg = Release|Any CPU
		{76170B75-E880-461C-B825-5BA3942B9821}.Release|Any CPU.Build.0 = Release|Any CPU
	EndGlobalSection
	GlobalSection(SolutionProperties) = preSolution
		HideSolutionNode = FALSE
	EndGlobalSection
	GlobalSection(NestedProjects) = preSolution
		{9CD4D9E2-7FB0-4827-9C3C-F32B2E965B47} = {C1A77B01-28AE-4715-81BB-4CD4B3ABFFDC}
		{2BC5D38C-52F6-4A2D-983E-0145769EF1F3} = {C1A77B01-28AE-4715-81BB-4CD4B3ABFFDC}
		{61E287B5-B76E-45DC-93FF-F94E4450BFBE} = {C1A77B01-28AE-4715-81BB-4CD4B3ABFFDC}
		{85E3E48C-081D-4320-BAE1-FF935599A7CA} = {1AF17B1D-D7A4-4530-84C9-F6150D07AA7A}
		{078B8EEC-880C-4E23-AA84-97EF60AC1260} = {1AF17B1D-D7A4-4530-84C9-F6150D07AA7A}
		{58656071-BE92-49A3-ACD3-0163283AF4C8} = {1AF17B1D-D7A4-4530-84C9-F6150D07AA7A}
		{1C3A9521-B9A8-405B-96E6-547E19AAB32B} = {4BD49316-2D6C-42DD-B6F7-657E0893B32D}
		{F40D514C-90B0-440D-A439-B8B2AB924556} = {4BD49316-2D6C-42DD-B6F7-657E0893B32D}
		{1DB89864-D94F-42E1-B854-C630E2FCA61D} = {4BD49316-2D6C-42DD-B6F7-657E0893B32D}
		{5F84B4AF-4780-4658-AF91-6EA16081BD36} = {37C00698-6C56-4449-AF6B-30863CC854EA}
		{C08C3B09-5E86-46E7-8598-BEACF88F5538} = {37C00698-6C56-4449-AF6B-30863CC854EA}
		{C5DE01D4-0BCE-4BAC-A5D9-731ABE36FFE3} = {37C00698-6C56-4449-AF6B-30863CC854EA}
		{2F164E36-6B76-4733-A53C-2D2F44716862} = {3043CCF1-2BCF-4221-AD1C-8C7358ADD619}
		{A2A88D2F-9EFA-48D1-A5BA-8D02DDAAAC4D} = {3043CCF1-2BCF-4221-AD1C-8C7358ADD619}
		{7D4152B2-A193-44C6-9F50-617A41811A8A} = {3043CCF1-2BCF-4221-AD1C-8C7358ADD619}
		{86989BB8-988C-4C94-86FB-161A5F7643DC} = {87AA967B-F978-4816-81A5-2256D86C758B}
		{A6D6DA93-559C-41FD-B7E7-F26532EFCA8A} = {87AA967B-F978-4816-81A5-2256D86C758B}
		{E0DFF122-D5D3-4207-BC14-084143C2303C} = {87AA967B-F978-4816-81A5-2256D86C758B}
		{87B84B88-173A-40E1-BF32-C476464CEEB7} = {21F7CFD2-EE4B-43CD-AFD4-B894DCDA961F}
		{D1B66B50-803B-435D-98C3-03F91AC65F43} = {21F7CFD2-EE4B-43CD-AFD4-B894DCDA961F}
		{E91CB903-0FBF-4E0C-87C7-8A0C0B71F073} = {21F7CFD2-EE4B-43CD-AFD4-B894DCDA961F}
		{D209C6DB-9629-477C-84E7-45A3E564CD7D} = {A6DECC19-A30D-40E5-9408-57236568D0F6}
		{3360A159-E8CB-468F-9241-95C3D421D89B} = {A6DECC19-A30D-40E5-9408-57236568D0F6}
		{76170B75-E880-461C-B825-5BA3942B9821} = {A6DECC19-A30D-40E5-9408-57236568D0F6}
	EndGlobalSection
	GlobalSection(ExtensibilityGlobals) = postSolution
		SolutionGuid = {89240372-D193-465B-95C5-FC25AC119BFE}
	EndGlobalSection
EndGlobal
